
Microsoft Visual Studio Solution File, Format Version 12.00
# Visual Studio Version 16
VisualStudioVersion = 16.0.33920.266
MinimumVisualStudioVersion = 10.0.40219.1
Project("{888888A0-9F3D-457C-B088-3A5042F75D52}") = "Linux motion", "Linux motion\Linux motion.pyproj", "{D1D64D81-2C58-47EF-824C-0D9BB9069719}"
EndProject
Global
	GlobalSection(SolutionConfigurationPlatforms) = preSolution
		Debug|Any CPU = Debug|Any CPU
		Release|Any CPU = Release|Any CPU
	EndGlobalSection
	GlobalSection(ProjectConfigurationPlatforms) = postSolution
		{D1D64D81-2C58-47EF-824C-0D9BB9069719}.Debug|Any CPU.ActiveCfg = Debug|Any CPU
		{D1D64D81-2C58-47EF-824C-0D9BB9069719}.Release|Any CPU.ActiveCfg = Release|Any CPU
	EndGlobalSection
	GlobalSection(SolutionProperties) = preSolution
		HideSolutionNode = FALSE
	EndGlobalSection
	GlobalSection(ExtensibilityGlobals) = postSolution
		SolutionGuid = {A6B64C07-8129-402A-A974-7D0D8E1A1EE7}
	EndGlobalSection
EndGlobal
